
Microsoft Visual Studio Solution File, Format Version 12.00
# Visual Studio Version 16
VisualStudioVersion = 16.0.32228.343
MinimumVisualStudioVersion = 10.0.40219.1
Project("{FAE04EC0-301F-11D3-BF4B-00C04F79EFBC}") = "PersonObjects", "PersonObjects\PersonObjects.csproj", "{4E42FCB1-9A3A-4CF7-8066-34EBAD0335D5}"
EndProject
Global
	GlobalSection(SolutionConfigurationPlatforms) = preSolution
		Debug|Any CPU = Debug|Any CPU
		Release|Any CPU = Release|Any CPU
	EndGlobalSection
	GlobalSection(ProjectConfigurationPlatforms) = postSolution
		{4E42FCB1-9A3A-4CF7-8066-34EBAD0335D5}.Debug|Any CPU.ActiveCfg = Debug|Any CPU
		{4E42FCB1-9A3A-4CF7-8066-34EBAD0335D5}.Debug|Any CPU.Build.0 = Debug|Any CPU
		{4E42FCB1-9A3A-4CF7-8066-34EBAD0335D5}.Release|Any CPU.ActiveCfg = Release|Any CPU
		{4E42FCB1-9A3A-4CF7-8066-34EBAD0335D5}.Release|Any CPU.Build.0 = Release|Any CPU
	EndGlobalSection
	GlobalSection(SolutionProperties) = preSolution
		HideSolutionNode = FALSE
	EndGlobalSection
	GlobalSection(ExtensibilityGlobals) = postSolution
		SolutionGuid = {1929B6B7-6957-4044-A7F4-7A542519F4CE}
	EndGlobalSection
EndGlobal
