
Microsoft Visual Studio Solution File, Format Version 12.00
# Visual Studio Version 16
VisualStudioVersion = 16.0.32228.343
MinimumVisualStudioVersion = 10.0.40219.1
Project("{FAE04EC0-301F-11D3-BF4B-00C04F79EFBC}") = "Arrays", "Arrays\Arrays.csproj", "{344789FF-FF0C-41F3-AA1C-3C4B35F3EC2D}"
EndProject
Global
	GlobalSection(SolutionConfigurationPlatforms) = preSolution
		Debug|Any CPU = Debug|Any CPU
		Release|Any CPU = Release|Any CPU
	EndGlobalSection
	GlobalSection(ProjectConfigurationPlatforms) = postSolution
		{344789FF-FF0C-41F3-AA1C-3C4B35F3EC2D}.Debug|Any CPU.ActiveCfg = Debug|Any CPU
		{344789FF-FF0C-41F3-AA1C-3C4B35F3EC2D}.Debug|Any CPU.Build.0 = Debug|Any CPU
		{344789FF-FF0C-41F3-AA1C-3C4B35F3EC2D}.Release|Any CPU.ActiveCfg = Release|Any CPU
		{344789FF-FF0C-41F3-AA1C-3C4B35F3EC2D}.Release|Any CPU.Build.0 = Release|Any CPU
	EndGlobalSection
	GlobalSection(SolutionProperties) = preSolution
		HideSolutionNode = FALSE
	EndGlobalSection
	GlobalSection(ExtensibilityGlobals) = postSolution
		SolutionGuid = {A3ACE228-A3DD-4DD4-8682-A3B5E69C3DEF}
	EndGlobalSection
EndGlobal
