
Microsoft Visual Studio Solution File, Format Version 12.00
# Visual Studio Version 16
VisualStudioVersion = 16.0.32228.343
MinimumVisualStudioVersion = 10.0.40219.1
Project("{FAE04EC0-301F-11D3-BF4B-00C04F79EFBC}") = "LambdaFunctions", "LambdaFunctions\LambdaFunctions.csproj", "{6257AB8F-7F83-4014-B135-2B4E538FC7F6}"
EndProject
Global
	GlobalSection(SolutionConfigurationPlatforms) = preSolution
		Debug|Any CPU = Debug|Any CPU
		Release|Any CPU = Release|Any CPU
	EndGlobalSection
	GlobalSection(ProjectConfigurationPlatforms) = postSolution
		{6257AB8F-7F83-4014-B135-2B4E538FC7F6}.Debug|Any CPU.ActiveCfg = Debug|Any CPU
		{6257AB8F-7F83-4014-B135-2B4E538FC7F6}.Debug|Any CPU.Build.0 = Debug|Any CPU
		{6257AB8F-7F83-4014-B135-2B4E538FC7F6}.Release|Any CPU.ActiveCfg = Release|Any CPU
		{6257AB8F-7F83-4014-B135-2B4E538FC7F6}.Release|Any CPU.Build.0 = Release|Any CPU
	EndGlobalSection
	GlobalSection(SolutionProperties) = preSolution
		HideSolutionNode = FALSE
	EndGlobalSection
	GlobalSection(ExtensibilityGlobals) = postSolution
		SolutionGuid = {A3C73747-058F-4004-A4A1-B63D0BE2432E}
	EndGlobalSection
EndGlobal
