
Microsoft Visual Studio Solution File, Format Version 12.00
# Visual Studio Version 16
VisualStudioVersion = 16.0.32228.343
MinimumVisualStudioVersion = 10.0.40219.1
Project("{FAE04EC0-301F-11D3-BF4B-00C04F79EFBC}") = "ConstsVarsConstructors", "ConstsVarsConstructors\ConstsVarsConstructors.csproj", "{AC55B772-C740-4503-877B-09A39224DE77}"
EndProject
Global
	GlobalSection(SolutionConfigurationPlatforms) = preSolution
		Debug|Any CPU = Debug|Any CPU
		Release|Any CPU = Release|Any CPU
	EndGlobalSection
	GlobalSection(ProjectConfigurationPlatforms) = postSolution
		{AC55B772-C740-4503-877B-09A39224DE77}.Debug|Any CPU.ActiveCfg = Debug|Any CPU
		{AC55B772-C740-4503-877B-09A39224DE77}.Debug|Any CPU.Build.0 = Debug|Any CPU
		{AC55B772-C740-4503-877B-09A39224DE77}.Release|Any CPU.ActiveCfg = Release|Any CPU
		{AC55B772-C740-4503-877B-09A39224DE77}.Release|Any CPU.Build.0 = Release|Any CPU
	EndGlobalSection
	GlobalSection(SolutionProperties) = preSolution
		HideSolutionNode = FALSE
	EndGlobalSection
	GlobalSection(ExtensibilityGlobals) = postSolution
		SolutionGuid = {89F4DD2C-BD9B-41D2-91BB-667C15951855}
	EndGlobalSection
EndGlobal
